
Microsoft Visual Studio Solution File, Format Version 12.00
# Visual Studio 2013
VisualStudioVersion = 12.0.30723.0
MinimumVisualStudioVersion = 10.0.40219.1
Project("{FAE04EC0-301F-11D3-BF4B-00C04F79EFBC}") = "ND.PolicyReceiveService.Core", "ND.PolicyReceiveService.Core\ND.PolicyReceiveService.Core.csproj", "{71190CD1-7664-468B-B80E-799CD6F6E840}"
EndProject
Project("{FAE04EC0-301F-11D3-BF4B-00C04F79EFBC}") = "ND.PolicyService.Helper", "ND.PolicyReceiveService.Helper\ND.PolicyService.Helper.csproj", "{73590076-B7A7-41D1-977F-E4014B1958C1}"
EndProject
Project("{FAE04EC0-301F-11D3-BF4B-00C04F79EFBC}") = "ND.PolicyReceiveService.Model", "ND.PolicyReceiveService.Model\ND.PolicyReceiveService.Model.csproj", "{6DFA5120-AE83-43DF-9986-F5D6D4F0A341}"
EndProject
Project("{FAE04EC0-301F-11D3-BF4B-00C04F79EFBC}") = "ND.PolicyService.DbEntity", "ND.PolicyReceiveService.DbEntity\ND.PolicyService.DbEntity.csproj", "{48CDCF96-9F9D-477D-A015-DCDB0061F4FC}"
EndProject
Project("{FAE04EC0-301F-11D3-BF4B-00C04F79EFBC}") = "ND.PolicyReceiveServiceSite", "ND.PolicyReceiveServiceSite\ND.PolicyReceiveServiceSite.csproj", "{9081C123-22D6-4A5E-8F03-F02CA6DDA82C}"
EndProject
Project("{FAE04EC0-301F-11D3-BF4B-00C04F79EFBC}") = "ND.PolicyUploadService.DtoModel", "ND.PolicyUploadService.DtoModel\ND.PolicyUploadService.DtoModel.csproj", "{959A82FF-715B-4945-A36B-1DBBD9C4942B}"
EndProject
Project("{2150E333-8FDC-42A3-9474-1A3956D46DE8}") = "ND.PolicyReceiveService", "ND.PolicyReceiveService", "{CD1DE332-1F9A-4C56-8CD9-0B2D73427214}"
EndProject
Project("{2150E333-8FDC-42A3-9474-1A3956D46DE8}") = "ND.PolicyUploadService", "ND.PolicyUploadService", "{DBAC536C-331B-4D24-97B2-11D61DFE75BB}"
EndProject
Project("{2150E333-8FDC-42A3-9474-1A3956D46DE8}") = "ND.CommonService", "ND.CommonService", "{8DF9FCE7-8BCA-42DD-A3DC-888E2548CA62}"
EndProject
Project("{FAE04EC0-301F-11D3-BF4B-00C04F79EFBC}") = "ND.PolicyService.Enums", "ND.PolicyService.Enums\ND.PolicyService.Enums.csproj", "{BAEAD196-C88C-49AC-9659-39FB7CFEE37F}"
EndProject
Project("{FAE04EC0-301F-11D3-BF4B-00C04F79EFBC}") = "ND.PolicyUploadService.WinformClient", "ND.PolicyUploadService.WinformClient\ND.PolicyUploadService.WinformClient.csproj", "{71CC6BE0-F234-42D1-B034-B167AECBBA09}"
EndProject
Project("{FAE04EC0-301F-11D3-BF4B-00C04F79EFBC}") = "ND.PolicyUploadService.WebApiHost", "ND.PolicyUploadService.WebApiHost\ND.PolicyUploadService.WebApiHost.csproj", "{86EC63AF-CECB-40D6-B1B9-CBF0D60A86C4}"
EndProject
Project("{2150E333-8FDC-42A3-9474-1A3956D46DE8}") = "ND.Test", "ND.Test", "{8621FB23-2C9F-43DE-A40B-C906FFD95399}"
EndProject
Project("{FAE04EC0-301F-11D3-BF4B-00C04F79EFBC}") = "ConsoleApplication1", "ConsoleApplication1\ConsoleApplication1.csproj", "{6E5E28CC-CFDA-4BF1-B47C-B54DDB852E4B}"
EndProject
Project("{FAE04EC0-301F-11D3-BF4B-00C04F79EFBC}") = "ND.PolicyService.CoreLib", "ND.PolicyService.CoreLib\ND.PolicyService.CoreLib.csproj", "{1C339A41-9A6A-4688-BA6B-29B77BA85F0D}"
EndProject
Project("{FAE04EC0-301F-11D3-BF4B-00C04F79EFBC}") = "ND.PolicyService.Core", "ND.PolicyService.Core\ND.PolicyService.Core.csproj", "{6102DED4-16EB-4580-A86A-6EA422089B51}"
EndProject
Project("{2150E333-8FDC-42A3-9474-1A3956D46DE8}") = "ND.PolicyQueueService", "ND.PolicyQueueService", "{13EFAE90-5E00-4D49-A4C7-909CF139023A}"
EndProject
Project("{FAE04EC0-301F-11D3-BF4B-00C04F79EFBC}") = "ND.PolicyQueueService.TaskPlatformCore", "ND.PolicyQueueService.Core\ND.PolicyQueueService.TaskPlatformCore.csproj", "{629A8034-777F-42E8-AF58-D01BDCF69568}"
EndProject
Project("{2150E333-8FDC-42A3-9474-1A3956D46DE8}") = "ND.FlightKGService", "ND.FlightKGService", "{B75933FD-7B1D-45F2-9EA5-2E0E356D9C06}"
EndProject
Project("{FAE04EC0-301F-11D3-BF4B-00C04F79EFBC}") = "ND.FlightKGService.TaskPlatformCore", "ND.FlightKGService\ND.FlightKGService.TaskPlatformCore\ND.FlightKGService.TaskPlatformCore.csproj", "{7D77E367-6B0B-4C8A-B29C-058F3CFE95C0}"
EndProject
Global
	GlobalSection(SolutionConfigurationPlatforms) = preSolution
		Debug|Any CPU = Debug|Any CPU
		Release|Any CPU = Release|Any CPU
	EndGlobalSection
	GlobalSection(ProjectConfigurationPlatforms) = postSolution
		{71190CD1-7664-468B-B80E-799CD6F6E840}.Debug|Any CPU.ActiveCfg = Debug|Any CPU
		{71190CD1-7664-468B-B80E-799CD6F6E840}.Debug|Any CPU.Build.0 = Debug|Any CPU
		{71190CD1-7664-468B-B80E-799CD6F6E840}.Release|Any CPU.ActiveCfg = Release|Any CPU
		{71190CD1-7664-468B-B80E-799CD6F6E840}.Release|Any CPU.Build.0 = Release|Any CPU
		{73590076-B7A7-41D1-977F-E4014B1958C1}.Debug|Any CPU.ActiveCfg = Debug|Any CPU
		{73590076-B7A7-41D1-977F-E4014B1958C1}.Debug|Any CPU.Build.0 = Debug|Any CPU
		{73590076-B7A7-41D1-977F-E4014B1958C1}.Release|Any CPU.ActiveCfg = Release|Any CPU
		{73590076-B7A7-41D1-977F-E4014B1958C1}.Release|Any CPU.Build.0 = Release|Any CPU
		{6DFA5120-AE83-43DF-9986-F5D6D4F0A341}.Debug|Any CPU.ActiveCfg = Debug|Any CPU
		{6DFA5120-AE83-43DF-9986-F5D6D4F0A341}.Debug|Any CPU.Build.0 = Debug|Any CPU
		{6DFA5120-AE83-43DF-9986-F5D6D4F0A341}.Release|Any CPU.ActiveCfg = Release|Any CPU
		{6DFA5120-AE83-43DF-9986-F5D6D4F0A341}.Release|Any CPU.Build.0 = Release|Any CPU
		{48CDCF96-9F9D-477D-A015-DCDB0061F4FC}.Debug|Any CPU.ActiveCfg = Debug|Any CPU
		{48CDCF96-9F9D-477D-A015-DCDB0061F4FC}.Debug|Any CPU.Build.0 = Debug|Any CPU
		{48CDCF96-9F9D-477D-A015-DCDB0061F4FC}.Release|Any CPU.ActiveCfg = Release|Any CPU
		{48CDCF96-9F9D-477D-A015-DCDB0061F4FC}.Release|Any CPU.Build.0 = Release|Any CPU
		{9081C123-22D6-4A5E-8F03-F02CA6DDA82C}.Debug|Any CPU.ActiveCfg = Debug|Any CPU
		{9081C123-22D6-4A5E-8F03-F02CA6DDA82C}.Debug|Any CPU.Build.0 = Debug|Any CPU
		{9081C123-22D6-4A5E-8F03-F02CA6DDA82C}.Release|Any CPU.ActiveCfg = Release|Any CPU
		{9081C123-22D6-4A5E-8F03-F02CA6DDA82C}.Release|Any CPU.Build.0 = Release|Any CPU
		{959A82FF-715B-4945-A36B-1DBBD9C4942B}.Debug|Any CPU.ActiveCfg = Debug|Any CPU
		{959A82FF-715B-4945-A36B-1DBBD9C4942B}.Debug|Any CPU.Build.0 = Debug|Any CPU
		{959A82FF-715B-4945-A36B-1DBBD9C4942B}.Release|Any CPU.ActiveCfg = Release|Any CPU
		{959A82FF-715B-4945-A36B-1DBBD9C4942B}.Release|Any CPU.Build.0 = Release|Any CPU
		{BAEAD196-C88C-49AC-9659-39FB7CFEE37F}.Debug|Any CPU.ActiveCfg = Debug|Any CPU
		{BAEAD196-C88C-49AC-9659-39FB7CFEE37F}.Debug|Any CPU.Build.0 = Debug|Any CPU
		{BAEAD196-C88C-49AC-9659-39FB7CFEE37F}.Release|Any CPU.ActiveCfg = Release|Any CPU
		{BAEAD196-C88C-49AC-9659-39FB7CFEE37F}.Release|Any CPU.Build.0 = Release|Any CPU
		{71CC6BE0-F234-42D1-B034-B167AECBBA09}.Debug|Any CPU.ActiveCfg = Debug|Any CPU
		{71CC6BE0-F234-42D1-B034-B167AECBBA09}.Debug|Any CPU.Build.0 = Debug|Any CPU
		{71CC6BE0-F234-42D1-B034-B167AECBBA09}.Release|Any CPU.ActiveCfg = Release|Any CPU
		{71CC6BE0-F234-42D1-B034-B167AECBBA09}.Release|Any CPU.Build.0 = Release|Any CPU
		{86EC63AF-CECB-40D6-B1B9-CBF0D60A86C4}.Debug|Any CPU.ActiveCfg = Debug|Any CPU
		{86EC63AF-CECB-40D6-B1B9-CBF0D60A86C4}.Debug|Any CPU.Build.0 = Debug|Any CPU
		{86EC63AF-CECB-40D6-B1B9-CBF0D60A86C4}.Release|Any CPU.ActiveCfg = Release|Any CPU
		{86EC63AF-CECB-40D6-B1B9-CBF0D60A86C4}.Release|Any CPU.Build.0 = Release|Any CPU
		{6E5E28CC-CFDA-4BF1-B47C-B54DDB852E4B}.Debug|Any CPU.ActiveCfg = Debug|Any CPU
		{6E5E28CC-CFDA-4BF1-B47C-B54DDB852E4B}.Debug|Any CPU.Build.0 = Debug|Any CPU
		{6E5E28CC-CFDA-4BF1-B47C-B54DDB852E4B}.Release|Any CPU.ActiveCfg = Release|Any CPU
		{6E5E28CC-CFDA-4BF1-B47C-B54DDB852E4B}.Release|Any CPU.Build.0 = Release|Any CPU
		{1C339A41-9A6A-4688-BA6B-29B77BA85F0D}.Debug|Any CPU.ActiveCfg = Debug|Any CPU
		{1C339A41-9A6A-4688-BA6B-29B77BA85F0D}.Debug|Any CPU.Build.0 = Debug|Any CPU
		{1C339A41-9A6A-4688-BA6B-29B77BA85F0D}.Release|Any CPU.ActiveCfg = Release|Any CPU
		{1C339A41-9A6A-4688-BA6B-29B77BA85F0D}.Release|Any CPU.Build.0 = Release|Any CPU
		{6102DED4-16EB-4580-A86A-6EA422089B51}.Debug|Any CPU.ActiveCfg = Debug|Any CPU
		{6102DED4-16EB-4580-A86A-6EA422089B51}.Debug|Any CPU.Build.0 = Debug|Any CPU
		{6102DED4-16EB-4580-A86A-6EA422089B51}.Release|Any CPU.ActiveCfg = Release|Any CPU
		{6102DED4-16EB-4580-A86A-6EA422089B51}.Release|Any CPU.Build.0 = Release|Any CPU
		{629A8034-777F-42E8-AF58-D01BDCF69568}.Debug|Any CPU.ActiveCfg = Debug|Any CPU
		{629A8034-777F-42E8-AF58-D01BDCF69568}.Debug|Any CPU.Build.0 = Debug|Any CPU
		{629A8034-777F-42E8-AF58-D01BDCF69568}.Release|Any CPU.ActiveCfg = Release|Any CPU
		{629A8034-777F-42E8-AF58-D01BDCF69568}.Release|Any CPU.Build.0 = Release|Any CPU
		{7D77E367-6B0B-4C8A-B29C-058F3CFE95C0}.Debug|Any CPU.ActiveCfg = Debug|Any CPU
		{7D77E367-6B0B-4C8A-B29C-058F3CFE95C0}.Debug|Any CPU.Build.0 = Debug|Any CPU
		{7D77E367-6B0B-4C8A-B29C-058F3CFE95C0}.Release|Any CPU.ActiveCfg = Release|Any CPU
		{7D77E367-6B0B-4C8A-B29C-058F3CFE95C0}.Release|Any CPU.Build.0 = Release|Any CPU
	EndGlobalSection
	GlobalSection(SolutionProperties) = preSolution
		HideSolutionNode = FALSE
	EndGlobalSection
	GlobalSection(NestedProjects) = preSolution
		{71190CD1-7664-468B-B80E-799CD6F6E840} = {CD1DE332-1F9A-4C56-8CD9-0B2D73427214}
		{73590076-B7A7-41D1-977F-E4014B1958C1} = {8DF9FCE7-8BCA-42DD-A3DC-888E2548CA62}
		{6DFA5120-AE83-43DF-9986-F5D6D4F0A341} = {CD1DE332-1F9A-4C56-8CD9-0B2D73427214}
		{48CDCF96-9F9D-477D-A015-DCDB0061F4FC} = {8DF9FCE7-8BCA-42DD-A3DC-888E2548CA62}
		{9081C123-22D6-4A5E-8F03-F02CA6DDA82C} = {CD1DE332-1F9A-4C56-8CD9-0B2D73427214}
		{959A82FF-715B-4945-A36B-1DBBD9C4942B} = {DBAC536C-331B-4D24-97B2-11D61DFE75BB}
		{BAEAD196-C88C-49AC-9659-39FB7CFEE37F} = {8DF9FCE7-8BCA-42DD-A3DC-888E2548CA62}
		{71CC6BE0-F234-42D1-B034-B167AECBBA09} = {DBAC536C-331B-4D24-97B2-11D61DFE75BB}
		{86EC63AF-CECB-40D6-B1B9-CBF0D60A86C4} = {DBAC536C-331B-4D24-97B2-11D61DFE75BB}
		{6E5E28CC-CFDA-4BF1-B47C-B54DDB852E4B} = {8621FB23-2C9F-43DE-A40B-C906FFD95399}
		{1C339A41-9A6A-4688-BA6B-29B77BA85F0D} = {8DF9FCE7-8BCA-42DD-A3DC-888E2548CA62}
		{6102DED4-16EB-4580-A86A-6EA422089B51} = {8DF9FCE7-8BCA-42DD-A3DC-888E2548CA62}
		{629A8034-777F-42E8-AF58-D01BDCF69568} = {13EFAE90-5E00-4D49-A4C7-909CF139023A}
		{7D77E367-6B0B-4C8A-B29C-058F3CFE95C0} = {B75933FD-7B1D-45F2-9EA5-2E0E356D9C06}
	EndGlobalSection
EndGlobal
